
Microsoft Visual Studio Solution File, Format Version 12.00
# Visual Studio Version 17
VisualStudioVersion = 17.4.33403.182
MinimumVisualStudioVersion = 10.0.40219.1
Project("{9A19103F-16F7-4668-BE54-9A1E7A4F7556}") = "Lesson08", "Lesson08\Lesson08.csproj", "{001A07E4-A852-4DD1-899C-7836A3AD7A69}"
EndProject
Project("{9A19103F-16F7-4668-BE54-9A1E7A4F7556}") = "SupermarketDomain", "SupermarketDomain\SupermarketDomain.csproj", "{9F465963-8AAF-47C9-B6C4-BCFE7A50E15F}"
EndProject
Project("{9A19103F-16F7-4668-BE54-9A1E7A4F7556}") = "SupermareketInfrstructure", "SupermareketInfrstructure\SupermareketInfrstructure.csproj", "{03FAE1A3-1435-4D81-9FBA-CF9D5AD2D77C}"
EndProject
Project("{FAE04EC0-301F-11D3-BF4B-00C04F79EFBC}") = "SupermarketService", "SupermarketService\SupermarketService.csproj", "{EBE5700C-A761-4B6A-B01A-E01AD78C41D2}"
EndProject
Global
	GlobalSection(SolutionConfigurationPlatforms) = preSolution
		Debug|Any CPU = Debug|Any CPU
		Release|Any CPU = Release|Any CPU
	EndGlobalSection
	GlobalSection(ProjectConfigurationPlatforms) = postSolution
		{001A07E4-A852-4DD1-899C-7836A3AD7A69}.Debug|Any CPU.ActiveCfg = Debug|Any CPU
		{001A07E4-A852-4DD1-899C-7836A3AD7A69}.Debug|Any CPU.Build.0 = Debug|Any CPU
		{001A07E4-A852-4DD1-899C-7836A3AD7A69}.Release|Any CPU.ActiveCfg = Release|Any CPU
		{001A07E4-A852-4DD1-899C-7836A3AD7A69}.Release|Any CPU.Build.0 = Release|Any CPU
		{9F465963-8AAF-47C9-B6C4-BCFE7A50E15F}.Debug|Any CPU.ActiveCfg = Debug|Any CPU
		{9F465963-8AAF-47C9-B6C4-BCFE7A50E15F}.Debug|Any CPU.Build.0 = Debug|Any CPU
		{9F465963-8AAF-47C9-B6C4-BCFE7A50E15F}.Release|Any CPU.ActiveCfg = Release|Any CPU
		{9F465963-8AAF-47C9-B6C4-BCFE7A50E15F}.Release|Any CPU.Build.0 = Release|Any CPU
		{03FAE1A3-1435-4D81-9FBA-CF9D5AD2D77C}.Debug|Any CPU.ActiveCfg = Debug|Any CPU
		{03FAE1A3-1435-4D81-9FBA-CF9D5AD2D77C}.Debug|Any CPU.Build.0 = Debug|Any CPU
		{03FAE1A3-1435-4D81-9FBA-CF9D5AD2D77C}.Release|Any CPU.ActiveCfg = Release|Any CPU
		{03FAE1A3-1435-4D81-9FBA-CF9D5AD2D77C}.Release|Any CPU.Build.0 = Release|Any CPU
		{EBE5700C-A761-4B6A-B01A-E01AD78C41D2}.Debug|Any CPU.ActiveCfg = Debug|Any CPU
		{EBE5700C-A761-4B6A-B01A-E01AD78C41D2}.Debug|Any CPU.Build.0 = Debug|Any CPU
		{EBE5700C-A761-4B6A-B01A-E01AD78C41D2}.Release|Any CPU.ActiveCfg = Release|Any CPU
		{EBE5700C-A761-4B6A-B01A-E01AD78C41D2}.Release|Any CPU.Build.0 = Release|Any CPU
	EndGlobalSection
	GlobalSection(SolutionProperties) = preSolution
		HideSolutionNode = FALSE
	EndGlobalSection
	GlobalSection(ExtensibilityGlobals) = postSolution
		SolutionGuid = {D9AA031F-2C85-45BD-AC53-F153310F671F}
	EndGlobalSection
EndGlobal
